// !$*UTF8*$!
{
	archiveVersion = 1;
	classes = {
	};
	objectVersion = 56;
	objects = {

/* Begin PBXBuildFile section */
		338D2D562BE098AD004B42FA /* AppDelegate.swift in Sources */ = {isa = PBXBuildFile; fileRef = 338D2D552BE098AD004B42FA /* AppDelegate.swift */; };
		338D2D582BE098AD004B42FA /* SceneDelegate.swift in Sources */ = {isa = PBXBuildFile; fileRef = 338D2D572BE098AD004B42FA /* SceneDelegate.swift */; };
		338D2D5D2BE098AD004B42FA /* Base in Resources */ = {isa = PBXBuildFile; fileRef = 338D2D5C2BE098AD004B42FA /* Base */; };
		338D2D5F2BE098AE004B42FA /* Assets.xcassets in Resources */ = {isa = PBXBuildFile; fileRef = 338D2D5E2BE098AE004B42FA /* Assets.xcassets */; };
		338D2D622BE098AE004B42FA /* Base in Resources */ = {isa = PBXBuildFile; fileRef = 338D2D612BE098AE004B42FA /* Base */; };
		338D2D6D2BE098AE004B42FA /* iKidTests.swift in Sources */ = {isa = PBXBuildFile; fileRef = 338D2D6C2BE098AE004B42FA /* iKidTests.swift */; };
		338D2D772BE098AE004B42FA /* iKidUITests.swift in Sources */ = {isa = PBXBuildFile; fileRef = 338D2D762BE098AE004B42FA /* iKidUITests.swift */; };
		338D2D792BE098AE004B42FA /* iKidUITestsLaunchTests.swift in Sources */ = {isa = PBXBuildFile; fileRef = 338D2D782BE098AE004B42FA /* iKidUITestsLaunchTests.swift */; };
		338D2D862BE098D1004B42FA /* DadViewController.swift in Sources */ = {isa = PBXBuildFile; fileRef = 338D2D852BE098D1004B42FA /* DadViewController.swift */; };
		338D2D882BE098E7004B42FA /* PunViewController.swift in Sources */ = {isa = PBXBuildFile; fileRef = 338D2D872BE098E7004B42FA /* PunViewController.swift */; };
		338D2D8A2BE098F6004B42FA /* GoodViewController.swift in Sources */ = {isa = PBXBuildFile; fileRef = 338D2D892BE098F6004B42FA /* GoodViewController.swift */; };
/* End PBXBuildFile section */

/* Begin PBXContainerItemProxy section */
		338D2D692BE098AE004B42FA /* PBXContainerItemProxy */ = {
			isa = PBXContainerItemProxy;
			containerPortal = 338D2D4A2BE098AD004B42FA /* Project object */;
			proxyType = 1;
			remoteGlobalIDString = 338D2D512BE098AD004B42FA;
			remoteInfo = iKid;
		};
		338D2D732BE098AE004B42FA /* PBXContainerItemProxy */ = {
			isa = PBXContainerItemProxy;
			containerPortal = 338D2D4A2BE098AD004B42FA /* Project object */;
			proxyType = 1;
			remoteGlobalIDString = 338D2D512BE098AD004B42FA;
			remoteInfo = iKid;
		};
/* End PBXContainerItemProxy section */

/* Begin PBXFileReference section */
		338D2D522BE098AD004B42FA /* iKid.app */ = {isa = PBXFileReference; explicitFileType = wrapper.application; includeInIndex = 0; path = iKid.app; sourceTree = BUILT_PRODUCTS_DIR; };
		338D2D552BE098AD004B42FA /* AppDelegate.swift */ = {isa = PBXFileReference; lastKnownFileType = sourcecode.swift; path = AppDelegate.swift; sourceTree = "<group>"; };
		338D2D572BE098AD004B42FA /* SceneDelegate.swift */ = {isa = PBXFileReference; lastKnownFileType = sourcecode.swift; path = SceneDelegate.swift; sourceTree = "<group>"; };
		338D2D5C2BE098AD004B42FA /* Base */ = {isa = PBXFileReference; lastKnownFileType = file.storyboard; name = Base; path = Base.lproj/Main.storyboard; sourceTree = "<group>"; };
		338D2D5E2BE098AE004B42FA /* Assets.xcassets */ = {isa = PBXFileReference; lastKnownFileType = folder.assetcatalog; path = Assets.xcassets; sourceTree = "<group>"; };
		338D2D612BE098AE004B42FA /* Base */ = {isa = PBXFileReference; lastKnownFileType = file.storyboard; name = Base; path = Base.lproj/LaunchScreen.storyboard; sourceTree = "<group>"; };
		338D2D632BE098AE004B42FA /* Info.plist */ = {isa = PBXFileReference; lastKnownFileType = text.plist.xml; path = Info.plist; sourceTree = "<group>"; };
		338D2D682BE098AE004B42FA /* iKidTests.xctest */ = {isa = PBXFileReference; explicitFileType = wrapper.cfbundle; includeInIndex = 0; path = iKidTests.xctest; sourceTree = BUILT_PRODUCTS_DIR; };
		338D2D6C2BE098AE004B42FA /* iKidTests.swift */ = {isa = PBXFileReference; lastKnownFileType = sourcecode.swift; path = iKidTests.swift; sourceTree = "<group>"; };
		338D2D722BE098AE004B42FA /* iKidUITests.xctest */ = {isa = PBXFileReference; explicitFileType = wrapper.cfbundle; includeInIndex = 0; path = iKidUITests.xctest; sourceTree = BUILT_PRODUCTS_DIR; };
		338D2D762BE098AE004B42FA /* iKidUITests.swift */ = {isa = PBXFileReference; lastKnownFileType = sourcecode.swift; path = iKidUITests.swift; sourceTree = "<group>"; };
		338D2D782BE098AE004B42FA /* iKidUITestsLaunchTests.swift */ = {isa = PBXFileReference; lastKnownFileType = sourcecode.swift; path = iKidUITestsLaunchTests.swift; sourceTree = "<group>"; };
		338D2D852BE098D1004B42FA /* DadViewController.swift */ = {isa = PBXFileReference; lastKnownFileType = sourcecode.swift; path = DadViewController.swift; sourceTree = "<group>"; };
		338D2D872BE098E7004B42FA /* PunViewController.swift */ = {isa = PBXFileReference; lastKnownFileType = sourcecode.swift; path = PunViewController.swift; sourceTree = "<group>"; };
		338D2D892BE098F6004B42FA /* GoodViewController.swift */ = {isa = PBXFileReference; lastKnownFileType = sourcecode.swift; path = GoodViewController.swift; sourceTree = "<group>"; };
/* End PBXFileReference section */

/* Begin PBXFrameworksBuildPhase section */
		338D2D4F2BE098AD004B42FA /* Frameworks */ = {
			isa = PBXFrameworksBuildPhase;
			buildActionMask = 2147483647;
			files = (
			);
			runOnlyForDeploymentPostprocessing = 0;
		};
		338D2D652BE098AE004B42FA /* Frameworks */ = {
			isa = PBXFrameworksBuildPhase;
			buildActionMask = 2147483647;
			files = (
			);
			runOnlyForDeploymentPostprocessing = 0;
		};
		338D2D6F2BE098AE004B42FA /* Frameworks */ = {
			isa = PBXFrameworksBuildPhase;
			buildActionMask = 2147483647;
			files = (
			);
			runOnlyForDeploymentPostprocessing = 0;
		};
/* End PBXFrameworksBuildPhase section */

/* Begin PBXGroup section */
		338D2D492BE098AD004B42FA = {
			isa = PBXGroup;
			children = (
				338D2D542BE098AD004B42FA /* iKid */,
				338D2D6B2BE098AE004B42FA /* iKidTests */,
				338D2D752BE098AE004B42FA /* iKidUITests */,
				338D2D532BE098AD004B42FA /* Products */,
			);
			sourceTree = "<group>";
		};
		338D2D532BE098AD004B42FA /* Products */ = {
			isa = PBXGroup;
			children = (
				338D2D522BE098AD004B42FA /* iKid.app */,
				338D2D682BE098AE004B42FA /* iKidTests.xctest */,
				338D2D722BE098AE004B42FA /* iKidUITests.xctest */,
			);
			name = Products;
			sourceTree = "<group>";
		};
		338D2D542BE098AD004B42FA /* iKid */ = {
			isa = PBXGroup;
			children = (
				338D2D552BE098AD004B42FA /* AppDelegate.swift */,
				338D2D572BE098AD004B42FA /* SceneDelegate.swift */,
				338D2D852BE098D1004B42FA /* DadViewController.swift */,
				338D2D872BE098E7004B42FA /* PunViewController.swift */,
				338D2D892BE098F6004B42FA /* GoodViewController.swift */,
				338D2D5B2BE098AD004B42FA /* Main.storyboard */,
				338D2D5E2BE098AE004B42FA /* Assets.xcassets */,
				338D2D602BE098AE004B42FA /* LaunchScreen.storyboard */,
				338D2D632BE098AE004B42FA /* Info.plist */,
			);
			path = iKid;
			sourceTree = "<group>";
		};
		338D2D6B2BE098AE004B42FA /* iKidTests */ = {
			isa = PBXGroup;
			children = (
				338D2D6C2BE098AE004B42FA /* iKidTests.swift */,
			);
			path = iKidTests;
			sourceTree = "<group>";
		};
		338D2D752BE098AE004B42FA /* iKidUITests */ = {
			isa = PBXGroup;
			children = (
				338D2D762BE098AE004B42FA /* iKidUITests.swift */,
				338D2D782BE098AE004B42FA /* iKidUITestsLaunchTests.swift */,
			);
			path = iKidUITests;
			sourceTree = "<group>";
		};
/* End PBXGroup section */

/* Begin PBXNativeTarget section */
		338D2D512BE098AD004B42FA /* iKid */ = {
			isa = PBXNativeTarget;
			buildConfigurationList = 338D2D7C2BE098AE004B42FA /* Build configuration list for PBXNativeTarget "iKid" */;
			buildPhases = (
				338D2D4E2BE098AD004B42FA /* Sources */,
				338D2D4F2BE098AD004B42FA /* Frameworks */,
				338D2D502BE098AD004B42FA /* Resources */,
			);
			buildRules = (
			);
			dependencies = (
			);
			name = iKid;
			productName = iKid;
			productReference = 338D2D522BE098AD004B42FA /* iKid.app */;
			productType = "com.apple.product-type.application";
		};
		338D2D672BE098AE004B42FA /* iKidTests */ = {
			isa = PBXNativeTarget;
			buildConfigurationList = 338D2D7F2BE098AE004B42FA /* Build configuration list for PBXNativeTarget "iKidTests" */;
			buildPhases = (
				338D2D642BE098AE004B42FA /* Sources */,
				338D2D652BE098AE004B42FA /* Frameworks */,
				338D2D662BE098AE004B42FA /* Resources */,
			);
			buildRules = (
			);
			dependencies = (
				338D2D6A2BE098AE004B42FA /* PBXTargetDependency */,
			);
			name = iKidTests;
			productName = iKidTests;
			productReference = 338D2D682BE098AE004B42FA /* iKidTests.xctest */;
			productType = "com.apple.product-type.bundle.unit-test";
		};
		338D2D712BE098AE004B42FA /* iKidUITests */ = {
			isa = PBXNativeTarget;
			buildConfigurationList = 338D2D822BE098AE004B42FA /* Build configuration list for PBXNativeTarget "iKidUITests" */;
			buildPhases = (
				338D2D6E2BE098AE004B42FA /* Sources */,
				338D2D6F2BE098AE004B42FA /* Frameworks */,
				338D2D702BE098AE004B42FA /* Resources */,
			);
			buildRules = (
			);
			dependencies = (
				338D2D742BE098AE004B42FA /* PBXTargetDependency */,
			);
			name = iKidUITests;
			productName = iKidUITests;
			productReference = 338D2D722BE098AE004B42FA /* iKidUITests.xctest */;
			productType = "com.apple.product-type.bundle.ui-testing";
		};
/* End PBXNativeTarget section */

/* Begin PBXProject section */
		338D2D4A2BE098AD004B42FA /* Project object */ = {
			isa = PBXProject;
			attributes = {
				BuildIndependentTargetsInParallel = 1;
				LastSwiftUpdateCheck = 1530;
				LastUpgradeCheck = 1530;
				TargetAttributes = {
					338D2D512BE098AD004B42FA = {
						CreatedOnToolsVersion = 15.3;
					};
					338D2D672BE098AE004B42FA = {
						CreatedOnToolsVersion = 15.3;
						TestTargetID = 338D2D512BE098AD004B42FA;
					};
					338D2D712BE098AE004B42FA = {
						CreatedOnToolsVersion = 15.3;
						TestTargetID = 338D2D512BE098AD004B42FA;
					};
				};
			};
			buildConfigurationList = 338D2D4D2BE098AD004B42FA /* Build configuration list for PBXProject "iKid" */;
			compatibilityVersion = "Xcode 14.0";
			developmentRegion = en;
			hasScannedForEncodings = 0;
			knownRegions = (
				en,
				Base,
			);
			mainGroup = 338D2D492BE098AD004B42FA;
			productRefGroup = 338D2D532BE098AD004B42FA /* Products */;
			projectDirPath = "";
			projectRoot = "";
			targets = (
				338D2D512BE098AD004B42FA /* iKid */,
				338D2D672BE098AE004B42FA /* iKidTests */,
				338D2D712BE098AE004B42FA /* iKidUITests */,
			);
		};
/* End PBXProject section */

/* Begin PBXResourcesBuildPhase section */
		338D2D502BE098AD004B42FA /* Resources */ = {
			isa = PBXResourcesBuildPhase;
			buildActionMask = 2147483647;
			files = (
				338D2D5F2BE098AE004B42FA /* Assets.xcassets in Resources */,
				338D2D622BE098AE004B42FA /* Base in Resources */,
				338D2D5D2BE098AD004B42FA /* Base in Resources */,
			);
			runOnlyForDeploymentPostprocessing = 0;
		};
		338D2D662BE098AE004B42FA /* Resources */ = {
			isa = PBXResourcesBuildPhase;
			buildActionMask = 2147483647;
			files = (
			);
			runOnlyForDeploymentPostprocessing = 0;
		};
		338D2D702BE098AE004B42FA /* Resources */ = {
			isa = PBXResourcesBuildPhase;
			buildActionMask = 2147483647;
			files = (
			);
			runOnlyForDeploymentPostprocessing = 0;
		};
/* End PBXResourcesBuildPhase section */

/* Begin PBXSourcesBuildPhase section */
		338D2D4E2BE098AD004B42FA /* Sources */ = {
			isa = PBXSourcesBuildPhase;
			buildActionMask = 2147483647;
			files = (
				338D2D8A2BE098F6004B42FA /* GoodViewController.swift in Sources */,
				338D2D882BE098E7004B42FA /* PunViewController.swift in Sources */,
				338D2D562BE098AD004B42FA /* AppDelegate.swift in Sources */,
				338D2D862BE098D1004B42FA /* DadViewController.swift in Sources */,
				338D2D582BE098AD004B42FA /* SceneDelegate.swift in Sources */,
			);
			runOnlyForDeploymentPostprocessing = 0;
		};
		338D2D642BE098AE004B42FA /* Sources */ = {
			isa = PBXSourcesBuildPhase;
			buildActionMask = 2147483647;
			files = (
				338D2D6D2BE098AE004B42FA /* iKidTests.swift in Sources */,
			);
			runOnlyForDeploymentPostprocessing = 0;
		};
		338D2D6E2BE098AE004B42FA /* Sources */ = {
			isa = PBXSourcesBuildPhase;
			buildActionMask = 2147483647;
			files = (
				338D2D772BE098AE004B42FA /* iKidUITests.swift in Sources */,
				338D2D792BE098AE004B42FA /* iKidUITestsLaunchTests.swift in Sources */,
			);
			runOnlyForDeploymentPostprocessing = 0;
		};
/* End PBXSourcesBuildPhase section */

/* Begin PBXTargetDependency section */
		338D2D6A2BE098AE004B42FA /* PBXTargetDependency */ = {
			isa = PBXTargetDependency;
			target = 338D2D512BE098AD004B42FA /* iKid */;
			targetProxy = 338D2D692BE098AE004B42FA /* PBXContainerItemProxy */;
		};
		338D2D742BE098AE004B42FA /* PBXTargetDependency */ = {
			isa = PBXTargetDependency;
			target = 338D2D512BE098AD004B42FA /* iKid */;
			targetProxy = 338D2D732BE098AE004B42FA /* PBXContainerItemProxy */;
		};
/* End PBXTargetDependency section */

/* Begin PBXVariantGroup section */
		338D2D5B2BE098AD004B42FA /* Main.storyboard */ = {
			isa = PBXVariantGroup;
			children = (
				338D2D5C2BE098AD004B42FA /* Base */,
			);
			name = Main.storyboard;
			sourceTree = "<group>";
		};
		338D2D602BE098AE004B42FA /* LaunchScreen.storyboard */ = {
			isa = PBXVariantGroup;
			children = (
				338D2D612BE098AE004B42FA /* Base */,
			);
			name = LaunchScreen.storyboard;
			sourceTree = "<group>";
		};
/* End PBXVariantGroup section */

/* Begin XCBuildConfiguration section */
		338D2D7A2BE098AE004B42FA /* Debug */ = {
			isa = XCBuildConfiguration;
			buildSettings = {
				ALWAYS_SEARCH_USER_PATHS = NO;
				ASSETCATALOG_COMPILER_GENERATE_SWIFT_ASSET_SYMBOL_EXTENSIONS = YES;
				CLANG_ANALYZER_NONNULL = YES;
				CLANG_ANALYZER_NUMBER_OBJECT_CONVERSION = YES_AGGRESSIVE;
				CLANG_CXX_LANGUAGE_STANDARD = "gnu++20";
				CLANG_ENABLE_MODULES = YES;
				CLANG_ENABLE_OBJC_ARC = YES;
				CLANG_ENABLE_OBJC_WEAK = YES;
				CLANG_WARN_BLOCK_CAPTURE_AUTORELEASING = YES;
				CLANG_WARN_BOOL_CONVERSION = YES;
				CLANG_WARN_COMMA = YES;
				CLANG_WARN_CONSTANT_CONVERSION = YES;
				CLANG_WARN_DEPRECATED_OBJC_IMPLEMENTATIONS = YES;
				CLANG_WARN_DIRECT_OBJC_ISA_USAGE = YES_ERROR;
				CLANG_WARN_DOCUMENTATION_COMMENTS = YES;
				CLANG_WARN_EMPTY_BODY = YES;
				CLANG_WARN_ENUM_CONVERSION = YES;
				CLANG_WARN_INFINITE_RECURSION = YES;
				CLANG_WARN_INT_CONVERSION = YES;
				CLANG_WARN_NON_LITERAL_NULL_CONVERSION = YES;
				CLANG_WARN_OBJC_IMPLICIT_RETAIN_SELF = YES;
				CLANG_WARN_OBJC_LITERAL_CONVERSION = YES;
				CLANG_WARN_OBJC_ROOT_CLASS = YES_ERROR;
				CLANG_WARN_QUOTED_INCLUDE_IN_FRAMEWORK_HEADER = YES;
				CLANG_WARN_RANGE_LOOP_ANALYSIS = YES;
				CLANG_WARN_STRICT_PROTOTYPES = YES;
				CLANG_WARN_SUSPICIOUS_MOVE = YES;
				CLANG_WARN_UNGUARDED_AVAILABILITY = YES_AGGRESSIVE;
				CLANG_WARN_UNREACHABLE_CODE = YES;
				CLANG_WARN__DUPLICATE_METHOD_MATCH = YES;
				COPY_PHASE_STRIP = NO;
				DEBUG_INFORMATION_FORMAT = dwarf;
				ENABLE_STRICT_OBJC_MSGSEND = YES;
				ENABLE_TESTABILITY = YES;
				ENABLE_USER_SCRIPT_SANDBOXING = YES;
				GCC_C_LANGUAGE_STANDARD = gnu17;
				GCC_DYNAMIC_NO_PIC = NO;
				GCC_NO_COMMON_BLOCKS = YES;
				GCC_OPTIMIZATION_LEVEL = 0;
				GCC_PREPROCESSOR_DEFINITIONS = (
					"DEBUG=1",
					"$(inherited)",
				);
				GCC_WARN_64_TO_32_BIT_CONVERSION = YES;
				GCC_WARN_ABOUT_RETURN_TYPE = YES_ERROR;
				GCC_WARN_UNDECLARED_SELECTOR = YES;
				GCC_WARN_UNINITIALIZED_AUTOS = YES_AGGRESSIVE;
				GCC_WARN_UNUSED_FUNCTION = YES;
				GCC_WARN_UNUSED_VARIABLE = YES;
				IPHONEOS_DEPLOYMENT_TARGET = 17.4;
				LOCALIZATION_PREFERS_STRING_CATALOGS = YES;
				MTL_ENABLE_DEBUG_INFO = INCLUDE_SOURCE;
				MTL_FAST_MATH = YES;
				ONLY_ACTIVE_ARCH = YES;
				SDKROOT = iphoneos;
				SWIFT_ACTIVE_COMPILATION_CONDITIONS = "DEBUG $(inherited)";
				SWIFT_OPTIMIZATION_LEVEL = "-Onone";
			};
			name = Debug;
		};
		338D2D7B2BE098AE004B42FA /* Release */ = {
			isa = XCBuildConfiguration;
			buildSettings = {
				ALWAYS_SEARCH_USER_PATHS = NO;
				ASSETCATALOG_COMPILER_GENERATE_SWIFT_ASSET_SYMBOL_EXTENSIONS = YES;
				CLANG_ANALYZER_NONNULL = YES;
				CLANG_ANALYZER_NUMBER_OBJECT_CONVERSION = YES_AGGRESSIVE;
				CLANG_CXX_LANGUAGE_STANDARD = "gnu++20";
				CLANG_ENABLE_MODULES = YES;
				CLANG_ENABLE_OBJC_ARC = YES;
				CLANG_ENABLE_OBJC_WEAK = YES;
				CLANG_WARN_BLOCK_CAPTURE_AUTORELEASING = YES;
				CLANG_WARN_BOOL_CONVERSION = YES;
				CLANG_WARN_COMMA = YES;
				CLANG_WARN_CONSTANT_CONVERSION = YES;
				CLANG_WARN_DEPRECATED_OBJC_IMPLEMENTATIONS = YES;
				CLANG_WARN_DIRECT_OBJC_ISA_USAGE = YES_ERROR;
				CLANG_WARN_DOCUMENTATION_COMMENTS = YES;
				CLANG_WARN_EMPTY_BODY = YES;
				CLANG_WARN_ENUM_CONVERSION = YES;
				CLANG_WARN_INFINITE_RECURSION = YES;
				CLANG_WARN_INT_CONVERSION = YES;
				CLANG_WARN_NON_LITERAL_NULL_CONVERSION = YES;
				CLANG_WARN_OBJC_IMPLICIT_RETAIN_SELF = YES;
				CLANG_WARN_OBJC_LITERAL_CONVERSION = YES;
				CLANG_WARN_OBJC_ROOT_CLASS = YES_ERROR;
				CLANG_WARN_QUOTED_INCLUDE_IN_FRAMEWORK_HEADER = YES;
				CLANG_WARN_RANGE_LOOP_ANALYSIS = YES;
				CLANG_WARN_STRICT_PROTOTYPES = YES;
				CLANG_WARN_SUSPICIOUS_MOVE = YES;
				CLANG_WARN_UNGUARDED_AVAILABILITY = YES_AGGRESSIVE;
				CLANG_WARN_UNREACHABLE_CODE = YES;
				CLANG_WARN__DUPLICATE_METHOD_MATCH = YES;
				COPY_PHASE_STRIP = NO;
				DEBUG_INFORMATION_FORMAT = "dwarf-with-dsym";
				ENABLE_NS_ASSERTIONS = NO;
				ENABLE_STRICT_OBJC_MSGSEND = YES;
				ENABLE_USER_SCRIPT_SANDBOXING = YES;
				GCC_C_LANGUAGE_STANDARD = gnu17;
				GCC_NO_COMMON_BLOCKS = YES;
				GCC_WARN_64_TO_32_BIT_CONVERSION = YES;
				GCC_WARN_ABOUT_RETURN_TYPE = YES_ERROR;
				GCC_WARN_UNDECLARED_SELECTOR = YES;
				GCC_WARN_UNINITIALIZED_AUTOS = YES_AGGRESSIVE;
				GCC_WARN_UNUSED_FUNCTION = YES;
				GCC_WARN_UNUSED_VARIABLE = YES;
				IPHONEOS_DEPLOYMENT_TARGET = 17.4;
				LOCALIZATION_PREFERS_STRING_CATALOGS = YES;
				MTL_ENABLE_DEBUG_INFO = NO;
				MTL_FAST_MATH = YES;
				SDKROOT = iphoneos;
				SWIFT_COMPILATION_MODE = wholemodule;
				VALIDATE_PRODUCT = YES;
			};
			name = Release;
		};
		338D2D7D2BE098AE004B42FA /* Debug */ = {
			isa = XCBuildConfiguration;
			buildSettings = {
				ASSETCATALOG_COMPILER_APPICON_NAME = AppIcon;
				ASSETCATALOG_COMPILER_GLOBAL_ACCENT_COLOR_NAME = AccentColor;
				CODE_SIGN_STYLE = Automatic;
				CURRENT_PROJECT_VERSION = 1;
				GENERATE_INFOPLIST_FILE = YES;
				INFOPLIST_FILE = iKid/Info.plist;
				INFOPLIST_KEY_UIApplicationSupportsIndirectInputEvents = YES;
				INFOPLIST_KEY_UILaunchStoryboardName = LaunchScreen;
				INFOPLIST_KEY_UIMainStoryboardFile = Main;
				INFOPLIST_KEY_UISupportedInterfaceOrientations_iPad = "UIInterfaceOrientationPortrait UIInterfaceOrientationPortraitUpsideDown UIInterfaceOrientationLandscapeLeft UIInterfaceOrientationLandscapeRight";
				INFOPLIST_KEY_UISupportedInterfaceOrientations_iPhone = "UIInterfaceOrientationPortrait UIInterfaceOrientationLandscapeLeft UIInterfaceOrientationLandscapeRight";
				LD_RUNPATH_SEARCH_PATHS = (
					"$(inherited)",
					"@executable_path/Frameworks",
				);
				MARKETING_VERSION = 1.0;
				PRODUCT_BUNDLE_IDENTIFIER = edu.uw.ischool.tammyn3.iKid;
				PRODUCT_NAME = "$(TARGET_NAME)";
				SWIFT_EMIT_LOC_STRINGS = YES;
				SWIFT_VERSION = 5.0;
				TARGETED_DEVICE_FAMILY = "1,2";
			};
			name = Debug;
		};
		338D2D7E2BE098AE004B42FA /* Release */ = {
			isa = XCBuildConfiguration;
			buildSettings = {
				ASSETCATALOG_COMPILER_APPICON_NAME = AppIcon;
				ASSETCATALOG_COMPILER_GLOBAL_ACCENT_COLOR_NAME = AccentColor;
				CODE_SIGN_STYLE = Automatic;
				CURRENT_PROJECT_VERSION = 1;
				GENERATE_INFOPLIST_FILE = YES;
				INFOPLIST_FILE = iKid/Info.plist;
				INFOPLIST_KEY_UIApplicationSupportsIndirectInputEvents = YES;
				INFOPLIST_KEY_UILaunchStoryboardName = LaunchScreen;
				INFOPLIST_KEY_UIMainStoryboardFile = Main;
				INFOPLIST_KEY_UISupportedInterfaceOrientations_iPad = "UIInterfaceOrientationPortrait UIInterfaceOrientationPortraitUpsideDown UIInterfaceOrientationLandscapeLeft UIInterfaceOrientationLandscapeRight";
				INFOPLIST_KEY_UISupportedInterfaceOrientations_iPhone = "UIInterfaceOrientationPortrait UIInterfaceOrientationLandscapeLeft UIInterfaceOrientationLandscapeRight";
				LD_RUNPATH_SEARCH_PATHS = (
					"$(inherited)",
					"@executable_path/Frameworks",
				);
				MARKETING_VERSION = 1.0;
				PRODUCT_BUNDLE_IDENTIFIER = edu.uw.ischool.tammyn3.iKid;
				PRODUCT_NAME = "$(TARGET_NAME)";
				SWIFT_EMIT_LOC_STRINGS = YES;
				SWIFT_VERSION = 5.0;
				TARGETED_DEVICE_FAMILY = "1,2";
			};
			name = Release;
		};
		338D2D802BE098AE004B42FA /* Debug */ = {
			isa = XCBuildConfiguration;
			buildSettings = {
				ALWAYS_EMBED_SWIFT_STANDARD_LIBRARIES = YES;
				BUNDLE_LOADER = "$(TEST_HOST)";
				CODE_SIGN_STYLE = Automatic;
				CURRENT_PROJECT_VERSION = 1;
				GENERATE_INFOPLIST_FILE = YES;
				IPHONEOS_DEPLOYMENT_TARGET = 17.4;
				MARKETING_VERSION = 1.0;
				PRODUCT_BUNDLE_IDENTIFIER = edu.uw.ischool.tammyn3.iKidTests;
				PRODUCT_NAME = "$(TARGET_NAME)";
				SWIFT_EMIT_LOC_STRINGS = NO;
				SWIFT_VERSION = 5.0;
				TARGETED_DEVICE_FAMILY = "1,2";
				TEST_HOST = "$(BUILT_PRODUCTS_DIR)/iKid.app/$(BUNDLE_EXECUTABLE_FOLDER_PATH)/iKid";
			};
			name = Debug;
		};
		338D2D812BE098AE004B42FA /* Release */ = {
			isa = XCBuildConfiguration;
			buildSettings = {
				ALWAYS_EMBED_SWIFT_STANDARD_LIBRARIES = YES;
				BUNDLE_LOADER = "$(TEST_HOST)";
				CODE_SIGN_STYLE = Automatic;
				CURRENT_PROJECT_VERSION = 1;
				GENERATE_INFOPLIST_FILE = YES;
				IPHONEOS_DEPLOYMENT_TARGET = 17.4;
				MARKETING_VERSION = 1.0;
				PRODUCT_BUNDLE_IDENTIFIER = edu.uw.ischool.tammyn3.iKidTests;
				PRODUCT_NAME = "$(TARGET_NAME)";
				SWIFT_EMIT_LOC_STRINGS = NO;
				SWIFT_VERSION = 5.0;
				TARGETED_DEVICE_FAMILY = "1,2";
				TEST_HOST = "$(BUILT_PRODUCTS_DIR)/iKid.app/$(BUNDLE_EXECUTABLE_FOLDER_PATH)/iKid";
			};
			name = Release;
		};
		338D2D832BE098AE004B42FA /* Debug */ = {
			isa = XCBuildConfiguration;
			buildSettings = {
				ALWAYS_EMBED_SWIFT_STANDARD_LIBRARIES = YES;
				CODE_SIGN_STYLE = Automatic;
				CURRENT_PROJECT_VERSION = 1;
				GENERATE_INFOPLIST_FILE = YES;
				MARKETING_VERSION = 1.0;
				PRODUCT_BUNDLE_IDENTIFIER = edu.uw.ischool.tammyn3.iKidUITests;
				PRODUCT_NAME = "$(TARGET_NAME)";
				SWIFT_EMIT_LOC_STRINGS = NO;
				SWIFT_VERSION = 5.0;
				TARGETED_DEVICE_FAMILY = "1,2";
				TEST_TARGET_NAME = iKid;
			};
			name = Debug;
		};
		338D2D842BE098AE004B42FA /* Release */ = {
			isa = XCBuildConfiguration;
			buildSettings = {
				ALWAYS_EMBED_SWIFT_STANDARD_LIBRARIES = YES;
				CODE_SIGN_STYLE = Automatic;
				CURRENT_PROJECT_VERSION = 1;
				GENERATE_INFOPLIST_FILE = YES;
				MARKETING_VERSION = 1.0;
				PRODUCT_BUNDLE_IDENTIFIER = edu.uw.ischool.tammyn3.iKidUITests;
				PRODUCT_NAME = "$(TARGET_NAME)";
				SWIFT_EMIT_LOC_STRINGS = NO;
				SWIFT_VERSION = 5.0;
				TARGETED_DEVICE_FAMILY = "1,2";
				TEST_TARGET_NAME = iKid;
			};
			name = Release;
		};
/* End XCBuildConfiguration section */

/* Begin XCConfigurationList section */
		338D2D4D2BE098AD004B42FA /* Build configuration list for PBXProject "iKid" */ = {
			isa = XCConfigurationList;
			buildConfigurations = (
				338D2D7A2BE098AE004B42FA /* Debug */,
				338D2D7B2BE098AE004B42FA /* Release */,
			);
			defaultConfigurationIsVisible = 0;
			defaultConfigurationName = Release;
		};
		338D2D7C2BE098AE004B42FA /* Build configuration list for PBXNativeTarget "iKid" */ = {
			isa = XCConfigurationList;
			buildConfigurations = (
				338D2D7D2BE098AE004B42FA /* Debug */,
				338D2D7E2BE098AE004B42FA /* Release */,
			);
			defaultConfigurationIsVisible = 0;
			defaultConfigurationName = Release;
		};
		338D2D7F2BE098AE004B42FA /* Build configuration list for PBXNativeTarget "iKidTests" */ = {
			isa = XCConfigurationList;
			buildConfigurations = (
				338D2D802BE098AE004B42FA /* Debug */,
				338D2D812BE098AE004B42FA /* Release */,
			);
			defaultConfigurationIsVisible = 0;
			defaultConfigurationName = Release;
		};
		338D2D822BE098AE004B42FA /* Build configuration list for PBXNativeTarget "iKidUITests" */ = {
			isa = XCConfigurationList;
			buildConfigurations = (
				338D2D832BE098AE004B42FA /* Debug */,
				338D2D842BE098AE004B42FA /* Release */,
			);
			defaultConfigurationIsVisible = 0;
			defaultConfigurationName = Release;
		};
/* End XCConfigurationList section */
	};
	rootObject = 338D2D4A2BE098AD004B42FA /* Project object */;
}
